
Microsoft Visual Studio Solution File, Format Version 12.00
# Visual Studio Version 16
VisualStudioVersion = 16.0.29306.81
MinimumVisualStudioVersion = 10.0.40219.1
Project("{FAE04EC0-301F-11D3-BF4B-00C04F79EFBC}") = "zadanie6", "zadanie6\zadanie6.csproj", "{DED5F98B-0A11-434D-841F-1251D07DF3FE}"
EndProject
Global
	GlobalSection(SolutionConfigurationPlatforms) = preSolution
		Debug|Any CPU = Debug|Any CPU
		Release|Any CPU = Release|Any CPU
	EndGlobalSection
	GlobalSection(ProjectConfigurationPlatforms) = postSolution
		{DED5F98B-0A11-434D-841F-1251D07DF3FE}.Debug|Any CPU.ActiveCfg = Debug|Any CPU
		{DED5F98B-0A11-434D-841F-1251D07DF3FE}.Debug|Any CPU.Build.0 = Debug|Any CPU
		{DED5F98B-0A11-434D-841F-1251D07DF3FE}.Release|Any CPU.ActiveCfg = Release|Any CPU
		{DED5F98B-0A11-434D-841F-1251D07DF3FE}.Release|Any CPU.Build.0 = Release|Any CPU
	EndGlobalSection
	GlobalSection(SolutionProperties) = preSolution
		HideSolutionNode = FALSE
	EndGlobalSection
	GlobalSection(ExtensibilityGlobals) = postSolution
		SolutionGuid = {903B1EA8-A84B-4D2F-B934-EDEA8096CA12}
	EndGlobalSection
EndGlobal
